<Solution>
  <Folder Name="/src/">
    <Project Path="src/Beneficios.Api/Beneficios.Api.csproj" />
    <Project Path="src/Beneficios.Application/Beneficios.Application.csproj" />
    <Project Path="src/Beneficios.Domain/Beneficios.Domain.csproj" />
    <Project Path="src/Beneficios.Infrastructure/Beneficios.Infrastructure.csproj" />
    <Project Path="src/Contribuintes.Api/Contribuintes.Api.csproj" />
    <Project Path="src/Contribuintes.Application/Contribuintes.Application.csproj" />
    <Project Path="src/Contribuintes.Domain/Contribuintes.Domain.csproj" />
    <Project Path="src/Contribuintes.Infrastructure/Contribuintes.Infrastructure.csproj" />
  </Folder>
  <Folder Name="/tests/">
    <Project Path="tests/Beneficios.UnitTests/Beneficios.UnitTests.csproj" />
    <Project Path="tests/Contribuintes.IntegrationTests/Contribuintes.IntegrationTests.csproj" />
    <Project Path="tests/Contribuintes.UnitTests/Contribuintes.UnitTests.csproj" />
  </Folder>
</Solution>
